
Microsoft Visual Studio Solution File, Format Version 12.00
# Visual Studio Version 16
VisualStudioVersion = 16.0.31112.23
MinimumVisualStudioVersion = 10.0.40219.1
Project("{FAE04EC0-301F-11D3-BF4B-00C04F79EFBC}") = "TestClassLibrary", "TestClassLibrary\TestClassLibrary.csproj", "{5DEBBC23-C49E-4DE2-A0F6-D4E59056FF86}"
EndProject
Global
	GlobalSection(SolutionConfigurationPlatforms) = preSolution
		Debug|Any CPU = Debug|Any CPU
		Release|Any CPU = Release|Any CPU
	EndGlobalSection
	GlobalSection(ProjectConfigurationPlatforms) = postSolution
		{5DEBBC23-C49E-4DE2-A0F6-D4E59056FF86}.Debug|Any CPU.ActiveCfg = Debug|Any CPU
		{5DEBBC23-C49E-4DE2-A0F6-D4E59056FF86}.Debug|Any CPU.Build.0 = Debug|Any CPU
		{5DEBBC23-C49E-4DE2-A0F6-D4E59056FF86}.Release|Any CPU.ActiveCfg = Release|Any CPU
		{5DEBBC23-C49E-4DE2-A0F6-D4E59056FF86}.Release|Any CPU.Build.0 = Release|Any CPU
	EndGlobalSection
	GlobalSection(SolutionProperties) = preSolution
		HideSolutionNode = FALSE
	EndGlobalSection
	GlobalSection(ExtensibilityGlobals) = postSolution
		SolutionGuid = {7F501CF1-8F88-4E98-ADCF-090F6FD4F958}
	EndGlobalSection
EndGlobal
