
Microsoft Visual Studio Solution File, Format Version 12.00
# Visual Studio Version 16
VisualStudioVersion = 16.0.31112.23
MinimumVisualStudioVersion = 10.0.40219.1
Project("{FAE04EC0-301F-11D3-BF4B-00C04F79EFBC}") = "CSharpAutoTraining", "CSharpAutoTraining\CSharpAutoTraining.csproj", "{E83F1479-7C6A-41EA-B56F-05D559E1F475}"
EndProject
Project("{FAE04EC0-301F-11D3-BF4B-00C04F79EFBC}") = "TestClassLibrary", "TestClassLibrary\TestClassLibrary.csproj", "{351C983C-DEB1-4B80-B7CF-579D38D69E68}"
EndProject
Global
	GlobalSection(SolutionConfigurationPlatforms) = preSolution
		Debug|Any CPU = Debug|Any CPU
		Release|Any CPU = Release|Any CPU
	EndGlobalSection
	GlobalSection(ProjectConfigurationPlatforms) = postSolution
		{E83F1479-7C6A-41EA-B56F-05D559E1F475}.Debug|Any CPU.ActiveCfg = Debug|Any CPU
		{E83F1479-7C6A-41EA-B56F-05D559E1F475}.Debug|Any CPU.Build.0 = Debug|Any CPU
		{E83F1479-7C6A-41EA-B56F-05D559E1F475}.Release|Any CPU.ActiveCfg = Release|Any CPU
		{E83F1479-7C6A-41EA-B56F-05D559E1F475}.Release|Any CPU.Build.0 = Release|Any CPU
		{351C983C-DEB1-4B80-B7CF-579D38D69E68}.Debug|Any CPU.ActiveCfg = Debug|Any CPU
		{351C983C-DEB1-4B80-B7CF-579D38D69E68}.Debug|Any CPU.Build.0 = Debug|Any CPU
		{351C983C-DEB1-4B80-B7CF-579D38D69E68}.Release|Any CPU.ActiveCfg = Release|Any CPU
		{351C983C-DEB1-4B80-B7CF-579D38D69E68}.Release|Any CPU.Build.0 = Release|Any CPU
	EndGlobalSection
	GlobalSection(SolutionProperties) = preSolution
		HideSolutionNode = FALSE
	EndGlobalSection
	GlobalSection(ExtensibilityGlobals) = postSolution
		SolutionGuid = {98EF5E21-A8F5-4BB5-91A2-EEC99CA6158C}
	EndGlobalSection
EndGlobal
